
Microsoft Visual Studio Solution File, Format Version 12.00
# Visual Studio Version 16
VisualStudioVersion = 16.0.32106.194
MinimumVisualStudioVersion = 10.0.40219.1
Project("{8BC9CEB8-8B4A-11D0-8D11-00A0C91BC942}") = "ProControlSystem", "ProControlSystem\ProControlSystem.vcxproj", "{554D2CCD-40DC-421D-9C44-5EC4EA69078E}"
EndProject
Global
	GlobalSection(SolutionConfigurationPlatforms) = preSolution
		Debug|x64 = Debug|x64
		Release|x64 = Release|x64
	EndGlobalSection
	GlobalSection(ProjectConfigurationPlatforms) = postSolution
		{554D2CCD-40DC-421D-9C44-5EC4EA69078E}.Debug|x64.ActiveCfg = Debug|x64
		{554D2CCD-40DC-421D-9C44-5EC4EA69078E}.Debug|x64.Build.0 = Debug|x64
		{554D2CCD-40DC-421D-9C44-5EC4EA69078E}.Release|x64.ActiveCfg = Release|x64
		{554D2CCD-40DC-421D-9C44-5EC4EA69078E}.Release|x64.Build.0 = Release|x64
	EndGlobalSection
	GlobalSection(SolutionProperties) = preSolution
		HideSolutionNode = FALSE
	EndGlobalSection
	GlobalSection(ExtensibilityGlobals) = postSolution
		SolutionGuid = {E05F416B-4B15-4FE6-8076-3A4AE89A70C8}
	EndGlobalSection
EndGlobal
