<?xml version="1.0" encoding="utf-8"?>
<Project ToolsVersion="4.0" xmlns="http://schemas.microsoft.com/developer/msbuild/2003">
  <ItemGroup>
    <Filter Include="Header Files">
      <UniqueIdentifier>{93995380-89BD-4b04-88EB-625FBE52EBFB}</UniqueIdentifier>
      <Extensions>h;hh;hpp;hxx;hm;inl;inc;xsd</Extensions>
    </Filter>
    <Filter Include="Resource Files">
      <UniqueIdentifier>{67DA6AB6-F800-4c08-8B7A-83BB121AAD01}</UniqueIdentifier>
      <Extensions>qrc;rc;ico;cur;bmp;dlg;rc2;rct;bin;rgs;gif;jpg;jpeg;jpe;resx;tiff;tif;png;wav;mfcribbon-ms</Extensions>
    </Filter>
    <Filter Include="Form Files">
      <UniqueIdentifier>{99349809-55BA-4b9d-BF79-8FDBB0286EB3}</UniqueIdentifier>
      <Extensions>ui</Extensions>
    </Filter>
    <Filter Include="Translation Files">
      <UniqueIdentifier>{639EADAA-A684-42e4-A9AD-28FC9BCB8F7C}</UniqueIdentifier>
      <Extensions>ts</Extensions>
    </Filter>
    <Filter Include="Source Files">
      <UniqueIdentifier>{4FC737F1-C7A5-4376-A066-2A32D752A2FF}</UniqueIdentifier>
      <Extensions>cpp;c;cc;cxx;def;odl;idl;hpj;bat;asm;asmx</Extensions>
    </Filter>
  </ItemGroup>
  <ItemGroup>
    <QtRcc Include="ProControlSystem.qrc">
      <Filter>Resource Files</Filter>
    </QtRcc>
    <QtUic Include="ProControlSystem.ui">
      <Filter>Form Files</Filter>
    </QtUic>
    <QtMoc Include="src\ProControlSystem.h">
      <Filter>Header Files</Filter>
    </QtMoc>
    <ClCompile Include="src\ProControlSystem.cpp">
      <Filter>Source Files</Filter>
    </ClCompile>
  </ItemGroup>
  <ItemGroup>
    <ClCompile Include="src\main.cpp">
      <Filter>Source Files</Filter>
    </ClCompile>
    <ClCompile Include="src\VideoPlayer\CVideoPlayer.cpp">
      <Filter>Source Files</Filter>
    </ClCompile>
    <ClCompile Include="src\Rardar\CRadarScanView.cpp">
      <Filter>Source Files</Filter>
    </ClCompile>
    <ClCompile Include="src\DeviceData\CLeftWheelSpeedView.cpp">
      <Filter>Source Files</Filter>
    </ClCompile>
    <ClCompile Include="src\DeviceData\CRightWheelSpeedView.cpp">
      <Filter>Source Files</Filter>
    </ClCompile>
    <ClCompile Include="src\DeviceData\CSteeringValueView.cpp">
      <Filter>Source Files</Filter>
    </ClCompile>
    <ClCompile Include="src\DeviceData\CDeviceDataView.cpp">
      <Filter>Source Files</Filter>
    </ClCompile>
    <ClCompile Include="src\DeviceData\CSpeedSignalView.cpp">
      <Filter>Source Files</Filter>
    </ClCompile>
    <ClCompile Include="src\Log\CLogMessage.cpp">
      <Filter>Source Files</Filter>
    </ClCompile>
    <ClCompile Include="src\Rardar\CControlRadar.cpp">
      <Filter>Source Files</Filter>
    </ClCompile>
    <ClCompile Include="src\VideoPlayer\CVideoWidget.cpp">
      <Filter>Source Files</Filter>
    </ClCompile>
    <ClCompile Include="src\ControlCar\CControlCarView.cpp">
      <Filter>Source Files</Filter>
    </ClCompile>
    <ClCompile Include="src\ControlCar\CControlCarSendData.cpp">
      <Filter>Source Files</Filter>
    </ClCompile>
    <ClCompile Include="src\ControlCar\CControlCarReceiveData.cpp">
      <Filter>Source Files</Filter>
    </ClCompile>
    <ClCompile Include="src\DeviceData\CControlReceiveDeviceData.cpp">
      <Filter>Source Files</Filter>
    </ClCompile>
  </ItemGroup>
  <ItemGroup>
    <QtMoc Include="src\VideoPlayer\CVideoPlayer.h">
      <Filter>Header Files</Filter>
    </QtMoc>
    <QtMoc Include="src\Rardar\CRadarScanView.h">
      <Filter>Header Files</Filter>
    </QtMoc>
    <QtMoc Include="src\DeviceData\CLeftWheelSpeedView.h">
      <Filter>Header Files</Filter>
    </QtMoc>
    <QtMoc Include="src\DeviceData\CRightWheelSpeedView.h">
      <Filter>Header Files</Filter>
    </QtMoc>
    <QtMoc Include="src\DeviceData\CSteeringValueView.h">
      <Filter>Header Files</Filter>
    </QtMoc>
    <QtMoc Include="src\DeviceData\CDeviceDataView.h">
      <Filter>Header Files</Filter>
    </QtMoc>
    <QtMoc Include="src\DeviceData\CSpeedSignalView.h">
      <Filter>Header Files</Filter>
    </QtMoc>
    <QtMoc Include="src\Log\CLogMessage.h">
      <Filter>Header Files</Filter>
    </QtMoc>
    <QtMoc Include="src\VideoPlayer\CVideoWidget.h">
      <Filter>Header Files</Filter>
    </QtMoc>
    <QtMoc Include="src\ControlCar\CControlCarView.h">
      <Filter>Header Files</Filter>
    </QtMoc>
  </ItemGroup>
  <ItemGroup>
    <ClInclude Include="resource.h">
      <Filter>Header Files</Filter>
    </ClInclude>
    <ClInclude Include="src\Rardar\CControlRadar.h">
      <Filter>Header Files</Filter>
    </ClInclude>
    <ClInclude Include="src\ControlCar\CControlCarSendData.h">
      <Filter>Header Files</Filter>
    </ClInclude>
    <ClInclude Include="src\ControlCar\CControlCarReceiveData.h">
      <Filter>Header Files</Filter>
    </ClInclude>
    <ClInclude Include="dependency\ControlCarDll\CConnectDevice.h">
      <Filter>Header Files</Filter>
    </ClInclude>
    <ClInclude Include="dependency\RadarDll\CConnectRadar.h">
      <Filter>Header Files</Filter>
    </ClInclude>
    <ClInclude Include="src\DeviceData\CControlReceiveDeviceData.h">
      <Filter>Header Files</Filter>
    </ClInclude>
  </ItemGroup>
  <ItemGroup>
    <ResourceCompile Include="ProControlSystem.rc">
      <Filter>Resource Files</Filter>
    </ResourceCompile>
  </ItemGroup>
</Project>